<?xml version="1.0" encoding="UTF-8"?>
<!DOCTYPE plist PUBLIC "-//Apple//DTD PLIST 1.0//EN" "http://www.apple.com/DTDs/PropertyList-1.0.dtd">
<plist version="1.0">
<dict>
	<key>archiveVersion</key>
	<integer>1</integer>
	<key>classes</key>
	<dict/>
	<key>objectVersion</key>
	<integer>56</integer>
	<key>objects</key>
	<dict>
		<key>1CDC7345FE3C4220B2C81B4A</key>
		<dict>
			<key>buildConfigurationList</key>
			<string>62F1843F53BB4E41A0B31148</string>
			<key>buildPhases</key>
			<array>
				<string>8E7CA66F50484341A7FA50CB</string>
				<string>76AA5328344248888A124447</string>
				<string>4F5264A11E36465AA01DCBB4</string>
			</array>
			<key>buildRules</key>
			<array/>
			<key>dependencies</key>
			<array/>
			<key>isa</key>
			<string>PBXNativeTarget</string>
			<key>name</key>
			<string>GeminiAirBridge</string>
			<key>productName</key>
			<string>GeminiAirBridge</string>
			<key>productReference</key>
			<string>4A740CDF9C3745B390D0ED47</string>
			<key>productType</key>
			<string>com.apple.product-type.application</string>
		</dict>
		<key>21DA30CDFD074D8184575A5D</key>
		<dict>
			<key>fileRef</key>
			<string>8C546B9FF182413AAC02A0B4</string>
			<key>isa</key>
			<string>PBXBuildFile</string>
		</dict>
		<key>21EA768FC199413BAC8AF723</key>
		<dict>
			<key>fileRef</key>
			<string>46B77F9979134F7392D7584F</string>
			<key>isa</key>
			<string>PBXBuildFile</string>
		</dict>
		<key>2928C74E810B413D938DF046</key>
		<dict>
			<key>children</key>
			<array>
				<string>96766B04668A4B3EB37AB426</string>
				<string>3D9ECCEBA92F4DDBBDCB7641</string>
				<string>86B1BDF13E5A448FAF8441AF</string>
				<string>A1E92F65359D4345ADBE9523</string>
				<string>E42897D853DC4AAFBE6AC0D1</string>
				<string>6B0BA57E6788440787D929EA</string>
			</array>
			<key>isa</key>
			<string>PBXGroup</string>
			<key>name</key>
			<string>Sources</string>
			<key>sourceTree</key>
			<string>&lt;group&gt;</string>
		</dict>
		<key>2E6DBFABF08F4EDCAF822C47</key>
		<dict>
			<key>fileRef</key>
			<string>58EEF4BA7A134571BE32FB66</string>
			<key>isa</key>
			<string>PBXBuildFile</string>
		</dict>
		<key>2FD69BCB46734D62BC3051B5</key>
		<dict>
			<key>fileRef</key>
			<string>6B0BA57E6788440787D929EA</string>
			<key>isa</key>
			<string>PBXBuildFile</string>
		</dict>
		<key>32703C92E2FD4187A0FF67AE</key>
		<dict>
			<key>isa</key>
			<string>PBXFileReference</string>
			<key>lastKnownFileType</key>
			<string>sourcecode.swift</string>
			<key>path</key>
			<string>ContainerStore.swift</string>
			<key>sourceTree</key>
			<string>&lt;group&gt;</string>
		</dict>
		<key>3D9ECCEBA92F4DDBBDCB7641</key>
		<dict>
			<key>children</key>
			<array>
				<string>46B77F9979134F7392D7584F</string>
				<string>74C2FDA9BEA2408AB3557DC1</string>
				<string>9A253C6925D94456B111816E</string>
			</array>
			<key>isa</key>
			<string>PBXGroup</string>
			<key>name</key>
			<string>Gemini</string>
			<key>sourceTree</key>
			<string>&lt;group&gt;</string>
		</dict>
		<key>46B77F9979134F7392D7584F</key>
		<dict>
			<key>isa</key>
			<string>PBXFileReference</string>
			<key>lastKnownFileType</key>
			<string>sourcecode.swift</string>
			<key>path</key>
			<string>BridgeService.swift</string>
			<key>sourceTree</key>
			<string>&lt;group&gt;</string>
		</dict>
		<key>4A740CDF9C3745B390D0ED47</key>
		<dict>
			<key>explicitFileType</key>
			<string>wrapper.application</string>
			<key>includeInIndex</key>
			<integer>0</integer>
			<key>isa</key>
			<string>PBXFileReference</string>
			<key>path</key>
			<string>GeminiAirBridge.app</string>
			<key>sourceTree</key>
			<string>BUILT_PRODUCTS_DIR</string>
		</dict>
		<key>4F02CF23B799439485DA8FC7</key>
		<dict>
			<key>isa</key>
			<string>PBXFileReference</string>
			<key>lastKnownFileType</key>
			<string>sourcecode.swift</string>
			<key>path</key>
			<string>SettingsView.swift</string>
			<key>sourceTree</key>
			<string>&lt;group&gt;</string>
		</dict>
		<key>4F5264A11E36465AA01DCBB4</key>
		<dict>
			<key>buildActionMask</key>
			<integer>2147483647</integer>
			<key>files</key>
			<array>
				<dict>
					<key>fileRef</key>
					<string>6B0BA57E6788440787D929EA</string>
					<key>isa</key>
					<string>PBXBuildFile</string>
				</dict>
			</array>
			<key>isa</key>
			<string>PBXResourcesBuildPhase</string>
			<key>runOnlyForDeploymentPostprocessing</key>
			<integer>0</integer>
		</dict>
		<key>531CD90D25B5494EA733CC12</key>
		<dict>
			<key>fileRef</key>
			<string>F14678C2493244DCB98F098D</string>
			<key>isa</key>
			<string>PBXBuildFile</string>
		</dict>
		<key>54F966AEB3FA448C9354F3F0</key>
		<dict>
			<key>isa</key>
			<string>PBXFileReference</string>
			<key>lastKnownFileType</key>
			<string>sourcecode.swift</string>
			<key>path</key>
			<string>FrameCodec.swift</string>
			<key>sourceTree</key>
			<string>&lt;group&gt;</string>
		</dict>
		<key>58EEF4BA7A134571BE32FB66</key>
		<dict>
			<key>isa</key>
			<string>PBXFileReference</string>
			<key>lastKnownFileType</key>
			<string>sourcecode.swift</string>
			<key>path</key>
			<string>BLEServerManager.swift</string>
			<key>sourceTree</key>
			<string>&lt;group&gt;</string>
		</dict>
		<key>5CEC082B29EA432897C3644D</key>
		<dict>
			<key>isa</key>
			<string>PBXFileReference</string>
			<key>lastKnownFileType</key>
			<string>sourcecode.swift</string>
			<key>path</key>
			<string>GeminiAirBridgeApp.swift</string>
			<key>sourceTree</key>
			<string>&lt;group&gt;</string>
		</dict>
		<key>5FD8E88F340242FFAF3DEF43</key>
		<dict>
			<key>fileRef</key>
			<string>9A253C6925D94456B111816E</string>
			<key>isa</key>
			<string>PBXBuildFile</string>
		</dict>
		<key>62F1843F53BB4E41A0B31148</key>
		<dict>
			<key>buildConfigurations</key>
			<array>
				<dict>
					<key>buildSettings</key>
					<dict>
						<key>ASSETCATALOG_COMPILER_APPICON_NAME</key>
						<string></string>
						<key>CODE_SIGNING_ALLOWED</key>
						<string>NO</string>
						<key>CODE_SIGN_STYLE</key>
						<string>Manual</string>
						<key>GCC_OPTIMIZATION_LEVEL</key>
						<string>0</string>
						<key>INFOPLIST_FILE</key>
						<string>Info.plist</string>
						<key>IPHONEOS_DEPLOYMENT_TARGET</key>
						<string>17.0</string>
						<key>LD_RUNPATH_SEARCH_PATHS</key>
						<array>
							<string>$(inherited)</string>
							<string>@executable_path/Frameworks</string>
						</array>
						<key>OTHER_LDFLAGS</key>
						<array>
							<string>$(inherited)</string>
							<string>-framework</string>
							<string>CoreBluetooth</string>
						</array>
						<key>PRODUCT_BUNDLE_IDENTIFIER</key>
						<string>com.mncompany.geminiairbridge</string>
						<key>PRODUCT_NAME</key>
						<string>GeminiAirBridge</string>
						<key>SDKROOT</key>
						<string>iphoneos</string>
						<key>SWIFT_ACTIVE_COMPILER_CONDITIONS</key>
						<array>
							<string>$(inherited)</string>
						</array>
						<key>SWIFT_STRICT_CONCURRENCY</key>
						<string>complete</string>
						<key>SWIFT_VERSION</key>
						<string>6.0</string>
						<key>TARGETED_DEVICE_FAMILY</key>
						<string>1,2</string>
					</dict>
					<key>isa</key>
					<string>XCBuildConfiguration</string>
					<key>name</key>
					<string>Debug</string>
				</dict>
				<dict>
					<key>buildSettings</key>
					<dict>
						<key>ASSETCATALOG_COMPILER_APPICON_NAME</key>
						<string></string>
						<key>CODE_SIGNING_ALLOWED</key>
						<string>NO</string>
						<key>CODE_SIGN_STYLE</key>
						<string>Manual</string>
						<key>GCC_OPTIMIZATION_LEVEL</key>
						<string>s</string>
						<key>INFOPLIST_FILE</key>
						<string>Info.plist</string>
						<key>IPHONEOS_DEPLOYMENT_TARGET</key>
						<string>17.0</string>
						<key>LD_RUNPATH_SEARCH_PATHS</key>
						<array>
							<string>$(inherited)</string>
							<string>@executable_path/Frameworks</string>
						</array>
						<key>OTHER_LDFLAGS</key>
						<array>
							<string>$(inherited)</string>
							<string>-framework</string>
							<string>CoreBluetooth</string>
						</array>
						<key>PRODUCT_BUNDLE_IDENTIFIER</key>
						<string>com.mncompany.geminiairbridge</string>
						<key>PRODUCT_NAME</key>
						<string>GeminiAirBridge</string>
						<key>SDKROOT</key>
						<string>iphoneos</string>
						<key>SWIFT_ACTIVE_COMPILER_CONDITIONS</key>
						<array>
							<string>$(inherited)</string>
						</array>
						<key>SWIFT_OPTIMIZATION_LEVEL</key>
						<string>-Owholemodule</string>
						<key>SWIFT_STRICT_CONCURRENCY</key>
						<string>complete</string>
						<key>SWIFT_VERSION</key>
						<string>6.0</string>
						<key>TARGETED_DEVICE_FAMILY</key>
						<string>1,2</string>
						<key>VALIDATE_PRODUCT</key>
						<string>YES</string>
					</dict>
					<key>isa</key>
					<string>XCBuildConfiguration</string>
					<key>name</key>
					<string>Release</string>
				</dict>
			</array>
			<key>defaultConfigurationIsVisible</key>
			<integer>0</integer>
			<key>defaultConfigurationName</key>
			<string>Release</string>
			<key>isa</key>
			<string>XCConfigurationList</string>
		</dict>
		<key>66C27C9F8DCA478D95EB0849</key>
		<dict>
			<key>fileRef</key>
			<string>5CEC082B29EA432897C3644D</string>
			<key>isa</key>
			<string>PBXBuildFile</string>
		</dict>
		<key>6B0BA57E6788440787D929EA</key>
		<dict>
			<key>isa</key>
			<string>PBXFileReference</string>
			<key>lastKnownFileType</key>
			<string>text.plist.xml</string>
			<key>path</key>
			<string>Info.plist</string>
			<key>sourceTree</key>
			<string>&lt;group&gt;</string>
		</dict>
		<key>74C2FDA9BEA2408AB3557DC1</key>
		<dict>
			<key>isa</key>
			<string>PBXFileReference</string>
			<key>lastKnownFileType</key>
			<string>sourcecode.swift</string>
			<key>path</key>
			<string>GeminiApiClient.swift</string>
			<key>sourceTree</key>
			<string>&lt;group&gt;</string>
		</dict>
		<key>76AA5328344248888A124447</key>
		<dict>
			<key>buildActionMask</key>
			<integer>2147483647</integer>
			<key>files</key>
			<array/>
			<key>isa</key>
			<string>PBXFrameworksBuildPhase</string>
			<key>runOnlyForDeploymentPostprocessing</key>
			<integer>0</integer>
		</dict>
		<key>834D81D3CE604BE7BE5671EA</key>
		<dict>
			<key>children</key>
			<array>
				<string>4A740CDF9C3745B390D0ED47</string>
			</array>
			<key>isa</key>
			<string>PBXGroup</string>
			<key>name</key>
			<string>Products</string>
			<key>sourceTree</key>
			<string>&lt;group&gt;</string>
		</dict>
		<key>86B1BDF13E5A448FAF8441AF</key>
		<dict>
			<key>children</key>
			<array>
				<string>F14678C2493244DCB98F098D</string>
				<string>4F02CF23B799439485DA8FC7</string>
			</array>
			<key>isa</key>
			<string>PBXGroup</string>
			<key>name</key>
			<string>UI</string>
			<key>sourceTree</key>
			<string>&lt;group&gt;</string>
		</dict>
		<key>8C546B9FF182413AAC02A0B4</key>
		<dict>
			<key>isa</key>
			<string>PBXFileReference</string>
			<key>lastKnownFileType</key>
			<string>sourcecode.swift</string>
			<key>path</key>
			<string>BLEConstants.swift</string>
			<key>sourceTree</key>
			<string>&lt;group&gt;</string>
		</dict>
		<key>8E7CA66F50484341A7FA50CB</key>
		<dict>
			<key>buildActionMask</key>
			<integer>2147483647</integer>
			<key>files</key>
			<array>
				<dict>
					<key>fileRef</key>
					<string>5CEC082B29EA432897C3644D</string>
					<key>isa</key>
					<string>PBXBuildFile</string>
				</dict>
				<dict>
					<key>fileRef</key>
					<string>58EEF4BA7A134571BE32FB66</string>
					<key>isa</key>
					<string>PBXBuildFile</string>
				</dict>
				<dict>
					<key>fileRef</key>
					<string>54F966AEB3FA448C9354F3F0</string>
					<key>isa</key>
					<string>PBXBuildFile</string>
				</dict>
				<dict>
					<key>fileRef</key>
					<string>8C546B9FF182413AAC02A0B4</string>
					<key>isa</key>
					<string>PBXBuildFile</string>
				</dict>
				<dict>
					<key>fileRef</key>
					<string>46B77F9979134F7392D7584F</string>
					<key>isa</key>
					<string>PBXBuildFile</string>
				</dict>
				<dict>
					<key>fileRef</key>
					<string>74C2FDA9BEA2408AB3557DC1</string>
					<key>isa</key>
					<string>PBXBuildFile</string>
				</dict>
				<dict>
					<key>fileRef</key>
					<string>9A253C6925D94456B111816E</string>
					<key>isa</key>
					<string>PBXBuildFile</string>
				</dict>
				<dict>
					<key>fileRef</key>
					<string>F14678C2493244DCB98F098D</string>
					<key>isa</key>
					<string>PBXBuildFile</string>
				</dict>
				<dict>
					<key>fileRef</key>
					<string>4F02CF23B799439485DA8FC7</string>
					<key>isa</key>
					<string>PBXBuildFile</string>
				</dict>
				<dict>
					<key>fileRef</key>
					<string>32703C92E2FD4187A0FF67AE</string>
					<key>isa</key>
					<string>PBXBuildFile</string>
				</dict>
			</array>
			<key>isa</key>
			<string>PBXSourcesBuildPhase</string>
			<key>runOnlyForDeploymentPostprocessing</key>
			<integer>0</integer>
		</dict>
		<key>9230F5A85AE0443D8B49108B</key>
		<dict>
			<key>fileRef</key>
			<string>32703C92E2FD4187A0FF67AE</string>
			<key>isa</key>
			<string>PBXBuildFile</string>
		</dict>
		<key>96766B04668A4B3EB37AB426</key>
		<dict>
			<key>children</key>
			<array>
				<string>58EEF4BA7A134571BE32FB66</string>
				<string>54F966AEB3FA448C9354F3F0</string>
				<string>8C546B9FF182413AAC02A0B4</string>
			</array>
			<key>isa</key>
			<string>PBXGroup</string>
			<key>name</key>
			<string>BLE</string>
			<key>sourceTree</key>
			<string>&lt;group&gt;</string>
		</dict>
		<key>9A253C6925D94456B111816E</key>
		<dict>
			<key>isa</key>
			<string>PBXFileReference</string>
			<key>lastKnownFileType</key>
			<string>sourcecode.swift</string>
			<key>path</key>
			<string>PromptModels.swift</string>
			<key>sourceTree</key>
			<string>&lt;group&gt;</string>
		</dict>
		<key>A1E92F65359D4345ADBE9523</key>
		<dict>
			<key>children</key>
			<array>
				<string>32703C92E2FD4187A0FF67AE</string>
			</array>
			<key>isa</key>
			<string>PBXGroup</string>
			<key>name</key>
			<string>Container</string>
			<key>sourceTree</key>
			<string>&lt;group&gt;</string>
		</dict>
		<key>AE66155DAD8443F9AD025E1B</key>
		<dict>
			<key>fileRef</key>
			<string>74C2FDA9BEA2408AB3557DC1</string>
			<key>isa</key>
			<string>PBXBuildFile</string>
		</dict>
		<key>B49D8BC019A9451986464B01</key>
		<dict>
			<key>children</key>
			<array>
				<string>2928C74E810B413D938DF046</string>
				<string>834D81D3CE604BE7BE5671EA</string>
			</array>
			<key>isa</key>
			<string>PBXGroup</string>
			<key>sourceTree</key>
			<string>&lt;group&gt;</string>
		</dict>
		<key>C5D334190A244C378FCC0327</key>
		<dict>
			<key>fileRef</key>
			<string>4F02CF23B799439485DA8FC7</string>
			<key>isa</key>
			<string>PBXBuildFile</string>
		</dict>
		<key>E42897D853DC4AAFBE6AC0D1</key>
		<dict>
			<key>children</key>
			<array>
				<string>5CEC082B29EA432897C3644D</string>
			</array>
			<key>isa</key>
			<string>PBXGroup</string>
			<key>name</key>
			<string>App</string>
			<key>sourceTree</key>
			<string>&lt;group&gt;</string>
		</dict>
		<key>E52D8A6B1B3E45D7B3923FD2</key>
		<dict>
			<key>buildConfigurations</key>
			<array>
				<dict>
					<key>buildSettings</key>
					<dict>
						<key>ALWAYS_SEARCH_USER_PATHS</key>
						<string>NO</string>
						<key>CLANG_ENABLE_MODULES</key>
						<string>YES</string>
						<key>CLANG_ENABLE_OBJC_ARC</key>
						<string>YES</string>
						<key>COPY_PHASE_STRIP</key>
						<string>NO</string>
						<key>IPHONEOS_DEPLOYMENT_TARGET</key>
						<string>17.0</string>
						<key>SDKROOT</key>
						<string>iphoneos</string>
						<key>SWIFT_ACTIVE_COMPILER_CONDITIONS</key>
						<array>
							<string>DEBUG</string>
						</array>
						<key>SWIFT_OPTIMIZATION_LEVEL</key>
						<string>-Onone</string>
					</dict>
					<key>isa</key>
					<string>XCBuildConfiguration</string>
					<key>name</key>
					<string>Debug</string>
				</dict>
				<dict>
					<key>buildSettings</key>
					<dict>
						<key>ALWAYS_SEARCH_USER_PATHS</key>
						<string>NO</string>
						<key>CLANG_ENABLE_MODULES</key>
						<string>YES</string>
						<key>CLANG_ENABLE_OBJC_ARC</key>
						<string>YES</string>
						<key>COPY_PHASE_STRIP</key>
						<string>NO</string>
						<key>IPHONEOS_DEPLOYMENT_TARGET</key>
						<string>17.0</string>
						<key>SDKROOT</key>
						<string>iphoneos</string>
						<key>SWIFT_OPTIMIZATION_LEVEL</key>
						<string>-Owholemodule</string>
						<key>VALIDATE_PRODUCT</key>
						<string>YES</string>
					</dict>
					<key>isa</key>
					<string>XCBuildConfiguration</string>
					<key>name</key>
					<string>Release</string>
				</dict>
			</array>
			<key>defaultConfigurationIsVisible</key>
			<integer>0</integer>
			<key>defaultConfigurationName</key>
			<string>Release</string>
			<key>isa</key>
			<string>XCConfigurationList</string>
		</dict>
		<key>F14678C2493244DCB98F098D</key>
		<dict>
			<key>isa</key>
			<string>PBXFileReference</string>
			<key>lastKnownFileType</key>
			<string>sourcecode.swift</string>
			<key>path</key>
			<string>ContentView.swift</string>
			<key>sourceTree</key>
			<string>&lt;group&gt;</string>
		</dict>
		<key>F52A6CF0556B4F5DA8EEE63D</key>
		<dict>
			<key>attributes</key>
			<dict>
				<key>BuildIndependentTargetsInParallel</key>
				<integer>1</integer>
				<key>LastSwiftUpdateCheck</key>
				<integer>1640</integer>
				<key>LastUpgradeCheck</key>
				<integer>1640</integer>
			</dict>
			<key>buildConfigurationList</key>
			<string>E52D8A6B1B3E45D7B3923FD2</string>
			<key>compatibilityVersion</key>
			<string>Xcode 14.0</string>
			<key>developmentRegion</key>
			<string>en</string>
			<key>hasScannedForEncodings</key>
			<integer>0</integer>
			<key>isa</key>
			<string>PBXProject</string>
			<key>knownRegions</key>
			<array>
				<string>en</string>
				<string>Base</string>
			</array>
			<key>mainGroup</key>
			<string>B49D8BC019A9451986464B01</string>
			<key>productRefGroup</key>
			<string>834D81D3CE604BE7BE5671EA</string>
			<key>projectDirPath</key>
			<string></string>
			<key>projectRoot</key>
			<string></string>
			<key>targets</key>
			<array>
				<string>1CDC7345FE3C4220B2C81B4A</string>
			</array>
		</dict>
		<key>F5507A8A568247CE81E2D4CB</key>
		<dict>
			<key>fileRef</key>
			<string>54F966AEB3FA448C9354F3F0</string>
			<key>isa</key>
			<string>PBXBuildFile</string>
		</dict>
	</dict>
	<key>rootObject</key>
	<string>F52A6CF0556B4F5DA8EEE63D</string>
</dict>
</plist>
